
Microsoft Visual Studio Solution File, Format Version 12.00
# Visual Studio Version 17
VisualStudioVersion = 17.2.32526.322
MinimumVisualStudioVersion = 10.0.40219.1
Project("{FAE04EC0-301F-11D3-BF4B-00C04F79EFBC}") = "DesignPattern", "DesignPattern\DesignPattern.csproj", "{4A45B404-CE8F-4768-9532-723CF0EBF7CB}"
EndProject
Global
	GlobalSection(SolutionConfigurationPlatforms) = preSolution
		Debug|Any CPU = Debug|Any CPU
		Release|Any CPU = Release|Any CPU
	EndGlobalSection
	GlobalSection(ProjectConfigurationPlatforms) = postSolution
		{4A45B404-CE8F-4768-9532-723CF0EBF7CB}.Debug|Any CPU.ActiveCfg = Debug|Any CPU
		{4A45B404-CE8F-4768-9532-723CF0EBF7CB}.Debug|Any CPU.Build.0 = Debug|Any CPU
		{4A45B404-CE8F-4768-9532-723CF0EBF7CB}.Release|Any CPU.ActiveCfg = Release|Any CPU
		{4A45B404-CE8F-4768-9532-723CF0EBF7CB}.Release|Any CPU.Build.0 = Release|Any CPU
	EndGlobalSection
	GlobalSection(SolutionProperties) = preSolution
		HideSolutionNode = FALSE
	EndGlobalSection
	GlobalSection(ExtensibilityGlobals) = postSolution
		SolutionGuid = {0FD21874-82D0-45A5-8B19-91490FA134F5}
	EndGlobalSection
EndGlobal
