
Microsoft Visual Studio Solution File, Format Version 12.00
# Visual Studio Version 17
VisualStudioVersion = 17.2.32526.322
MinimumVisualStudioVersion = 10.0.40219.1
Project("{FAE04EC0-301F-11D3-BF4B-00C04F79EFBC}") = "IntroduccionDesignPatterns", "IntroduccionDesignPatterns\IntroduccionDesignPatterns.csproj", "{A6AA06B6-57FB-44C1-A51D-2294756CA81C}"
EndProject
Global
	GlobalSection(SolutionConfigurationPlatforms) = preSolution
		Debug|Any CPU = Debug|Any CPU
		Release|Any CPU = Release|Any CPU
	EndGlobalSection
	GlobalSection(ProjectConfigurationPlatforms) = postSolution
		{A6AA06B6-57FB-44C1-A51D-2294756CA81C}.Debug|Any CPU.ActiveCfg = Debug|Any CPU
		{A6AA06B6-57FB-44C1-A51D-2294756CA81C}.Debug|Any CPU.Build.0 = Debug|Any CPU
		{A6AA06B6-57FB-44C1-A51D-2294756CA81C}.Release|Any CPU.ActiveCfg = Release|Any CPU
		{A6AA06B6-57FB-44C1-A51D-2294756CA81C}.Release|Any CPU.Build.0 = Release|Any CPU
	EndGlobalSection
	GlobalSection(SolutionProperties) = preSolution
		HideSolutionNode = FALSE
	EndGlobalSection
	GlobalSection(ExtensibilityGlobals) = postSolution
		SolutionGuid = {CB651DAA-EC0F-41BA-9CFB-7DAF8E0C7F9B}
	EndGlobalSection
EndGlobal
